
Microsoft Visual Studio Solution File, Format Version 12.00
# Visual Studio 2013
VisualStudioVersion = 12.0.21005.1
MinimumVisualStudioVersion = 10.0.40219.1
Project("{FAE04EC0-301F-11D3-BF4B-00C04F79EFBC}") = "01.DoubleBufferGDI+", "DoubleBufferGDI+\01.DoubleBufferGDI+.csproj", "{29B10D3F-4514-4CB5-A955-1FBDC7E91115}"
EndProject
Project("{FAE04EC0-301F-11D3-BF4B-00C04F79EFBC}") = "02.ArrowKeysGDI", "ArrowKeysGDI\02.ArrowKeysGDI.csproj", "{A08F4EB2-8A2A-4AFA-8ADC-B5B6F277FE30}"
EndProject
Project("{FAE04EC0-301F-11D3-BF4B-00C04F79EFBC}") = "03.DrawWithPen", "DrawWithPen\03.DrawWithPen.csproj", "{793783F7-C87A-4DB0-A7E5-B91D7D8435D9}"
EndProject
Project("{FAE04EC0-301F-11D3-BF4B-00C04F79EFBC}") = "04.FunWithGraphics", "FunWithGraphics\04.FunWithGraphics.csproj", "{FFDAFC08-340C-4864-8304-21F41A4B0C08}"
EndProject
Project("{FAE04EC0-301F-11D3-BF4B-00C04F79EFBC}") = "05.BufferingExampleMSDN", "BufferingExampleMSDN\05.BufferingExampleMSDN.csproj", "{80081519-D85F-4935-916C-17ACF123E232}"
EndProject
Project("{FAE04EC0-301F-11D3-BF4B-00C04F79EFBC}") = "07.MessageBox", "MessageBox\07.MessageBox.csproj", "{09B41CCC-BAEA-4B57-8EFE-7DAA9826A8B1}"
EndProject
Project("{FAE04EC0-301F-11D3-BF4B-00C04F79EFBC}") = "08.DrawString", "DrawString\08.DrawString.csproj", "{5654AF70-101C-485E-8F7A-541CB84F7D8C}"
EndProject
Project("{FAE04EC0-301F-11D3-BF4B-00C04F79EFBC}") = "09.ThreeImages", "ThreeImages\09.ThreeImages.csproj", "{170E4681-7D90-492C-A410-FCF97D7BFE1C}"
EndProject
Project("{FAE04EC0-301F-11D3-BF4B-00C04F79EFBC}") = "06.DoubleBufferingComparison", "DoubleBufferingBufferedGraphics\06.DoubleBufferingComparison.csproj", "{02148B53-C380-457A-8CF1-8E6B7746E26C}"
EndProject
Project("{FAE04EC0-301F-11D3-BF4B-00C04F79EFBC}") = "10.BufferedGraphicsTest", "SOTC-BufferedGraphicsTest\10.BufferedGraphicsTest.csproj", "{99D3854F-7C36-496F-A801-BB2921256A5A}"
EndProject
Global
	GlobalSection(SolutionConfigurationPlatforms) = preSolution
		Debug|Any CPU = Debug|Any CPU
		Release|Any CPU = Release|Any CPU
	EndGlobalSection
	GlobalSection(ProjectConfigurationPlatforms) = postSolution
		{29B10D3F-4514-4CB5-A955-1FBDC7E91115}.Debug|Any CPU.ActiveCfg = Debug|Any CPU
		{29B10D3F-4514-4CB5-A955-1FBDC7E91115}.Debug|Any CPU.Build.0 = Debug|Any CPU
		{29B10D3F-4514-4CB5-A955-1FBDC7E91115}.Release|Any CPU.ActiveCfg = Release|Any CPU
		{29B10D3F-4514-4CB5-A955-1FBDC7E91115}.Release|Any CPU.Build.0 = Release|Any CPU
		{A08F4EB2-8A2A-4AFA-8ADC-B5B6F277FE30}.Debug|Any CPU.ActiveCfg = Debug|Any CPU
		{A08F4EB2-8A2A-4AFA-8ADC-B5B6F277FE30}.Debug|Any CPU.Build.0 = Debug|Any CPU
		{A08F4EB2-8A2A-4AFA-8ADC-B5B6F277FE30}.Release|Any CPU.ActiveCfg = Release|Any CPU
		{A08F4EB2-8A2A-4AFA-8ADC-B5B6F277FE30}.Release|Any CPU.Build.0 = Release|Any CPU
		{793783F7-C87A-4DB0-A7E5-B91D7D8435D9}.Debug|Any CPU.ActiveCfg = Debug|Any CPU
		{793783F7-C87A-4DB0-A7E5-B91D7D8435D9}.Debug|Any CPU.Build.0 = Debug|Any CPU
		{793783F7-C87A-4DB0-A7E5-B91D7D8435D9}.Release|Any CPU.ActiveCfg = Release|Any CPU
		{793783F7-C87A-4DB0-A7E5-B91D7D8435D9}.Release|Any CPU.Build.0 = Release|Any CPU
		{FFDAFC08-340C-4864-8304-21F41A4B0C08}.Debug|Any CPU.ActiveCfg = Debug|Any CPU
		{FFDAFC08-340C-4864-8304-21F41A4B0C08}.Debug|Any CPU.Build.0 = Debug|Any CPU
		{FFDAFC08-340C-4864-8304-21F41A4B0C08}.Release|Any CPU.ActiveCfg = Release|Any CPU
		{FFDAFC08-340C-4864-8304-21F41A4B0C08}.Release|Any CPU.Build.0 = Release|Any CPU
		{80081519-D85F-4935-916C-17ACF123E232}.Debug|Any CPU.ActiveCfg = Debug|Any CPU
		{80081519-D85F-4935-916C-17ACF123E232}.Debug|Any CPU.Build.0 = Debug|Any CPU
		{80081519-D85F-4935-916C-17ACF123E232}.Release|Any CPU.ActiveCfg = Release|Any CPU
		{80081519-D85F-4935-916C-17ACF123E232}.Release|Any CPU.Build.0 = Release|Any CPU
		{09B41CCC-BAEA-4B57-8EFE-7DAA9826A8B1}.Debug|Any CPU.ActiveCfg = Debug|Any CPU
		{09B41CCC-BAEA-4B57-8EFE-7DAA9826A8B1}.Debug|Any CPU.Build.0 = Debug|Any CPU
		{09B41CCC-BAEA-4B57-8EFE-7DAA9826A8B1}.Release|Any CPU.ActiveCfg = Release|Any CPU
		{09B41CCC-BAEA-4B57-8EFE-7DAA9826A8B1}.Release|Any CPU.Build.0 = Release|Any CPU
		{5654AF70-101C-485E-8F7A-541CB84F7D8C}.Debug|Any CPU.ActiveCfg = Debug|Any CPU
		{5654AF70-101C-485E-8F7A-541CB84F7D8C}.Debug|Any CPU.Build.0 = Debug|Any CPU
		{5654AF70-101C-485E-8F7A-541CB84F7D8C}.Release|Any CPU.ActiveCfg = Release|Any CPU
		{5654AF70-101C-485E-8F7A-541CB84F7D8C}.Release|Any CPU.Build.0 = Release|Any CPU
		{170E4681-7D90-492C-A410-FCF97D7BFE1C}.Debug|Any CPU.ActiveCfg = Debug|Any CPU
		{170E4681-7D90-492C-A410-FCF97D7BFE1C}.Debug|Any CPU.Build.0 = Debug|Any CPU
		{170E4681-7D90-492C-A410-FCF97D7BFE1C}.Release|Any CPU.ActiveCfg = Release|Any CPU
		{170E4681-7D90-492C-A410-FCF97D7BFE1C}.Release|Any CPU.Build.0 = Release|Any CPU
		{02148B53-C380-457A-8CF1-8E6B7746E26C}.Debug|Any CPU.ActiveCfg = Debug|Any CPU
		{02148B53-C380-457A-8CF1-8E6B7746E26C}.Debug|Any CPU.Build.0 = Debug|Any CPU
		{02148B53-C380-457A-8CF1-8E6B7746E26C}.Release|Any CPU.ActiveCfg = Release|Any CPU
		{02148B53-C380-457A-8CF1-8E6B7746E26C}.Release|Any CPU.Build.0 = Release|Any CPU
		{99D3854F-7C36-496F-A801-BB2921256A5A}.Debug|Any CPU.ActiveCfg = Debug|Any CPU
		{99D3854F-7C36-496F-A801-BB2921256A5A}.Debug|Any CPU.Build.0 = Debug|Any CPU
		{99D3854F-7C36-496F-A801-BB2921256A5A}.Release|Any CPU.ActiveCfg = Release|Any CPU
		{99D3854F-7C36-496F-A801-BB2921256A5A}.Release|Any CPU.Build.0 = Release|Any CPU
	EndGlobalSection
	GlobalSection(SolutionProperties) = preSolution
		HideSolutionNode = FALSE
	EndGlobalSection
EndGlobal
